
Microsoft Visual Studio Solution File, Format Version 12.00
# Visual Studio 15
VisualStudioVersion = 15.0.26124.0
MinimumVisualStudioVersion = 15.0.26124.0
Project("{FAE04EC0-301F-11D3-BF4B-00C04F79EFBC}") = "Orgref.Model", "Orgref.Model\Orgref.Model.csproj", "{EF2B4B91-739E-4937-9D62-8152C3218D60}"
EndProject
Project("{FAE04EC0-301F-11D3-BF4B-00C04F79EFBC}") = "Orgref.DAO", "Orgref.DAO\Orgref.DAO.csproj", "{822365A7-1AFF-4C15-B80A-78D52D5A6C58}"
EndProject
Project("{FAE04EC0-301F-11D3-BF4B-00C04F79EFBC}") = "Orgref.Functions", "Orgref.Functions\Orgref.Functions.csproj", "{C66B6239-4CB1-4CCC-8CE5-4E7A0DDD95CA}"
EndProject
Project("{FAE04EC0-301F-11D3-BF4B-00C04F79EFBC}") = "Orgref.Functions.Tests", "Orgref.Functions.Tests\Orgref.Functions.Tests.csproj", "{972CE571-FB3E-4F31-971D-EE3A4959C827}"
EndProject
Project("{FAE04EC0-301F-11D3-BF4B-00C04F79EFBC}") = "Orgref.PostgreSqlDao", "Orgref.PostgreSqlDao\Orgref.PostgreSqlDao.csproj", "{F29DD2F2-3FB6-4D22-8437-51B7B447362E}"
EndProject
Global
	GlobalSection(SolutionConfigurationPlatforms) = preSolution
		Debug|Any CPU = Debug|Any CPU
		Debug|x64 = Debug|x64
		Debug|x86 = Debug|x86
		Release|Any CPU = Release|Any CPU
		Release|x64 = Release|x64
		Release|x86 = Release|x86
	EndGlobalSection
	GlobalSection(SolutionProperties) = preSolution
		HideSolutionNode = FALSE
	EndGlobalSection
	GlobalSection(ProjectConfigurationPlatforms) = postSolution
		{EF2B4B91-739E-4937-9D62-8152C3218D60}.Debug|Any CPU.ActiveCfg = Debug|Any CPU
		{EF2B4B91-739E-4937-9D62-8152C3218D60}.Debug|Any CPU.Build.0 = Debug|Any CPU
		{EF2B4B91-739E-4937-9D62-8152C3218D60}.Debug|x64.ActiveCfg = Debug|Any CPU
		{EF2B4B91-739E-4937-9D62-8152C3218D60}.Debug|x64.Build.0 = Debug|Any CPU
		{EF2B4B91-739E-4937-9D62-8152C3218D60}.Debug|x86.ActiveCfg = Debug|Any CPU
		{EF2B4B91-739E-4937-9D62-8152C3218D60}.Debug|x86.Build.0 = Debug|Any CPU
		{EF2B4B91-739E-4937-9D62-8152C3218D60}.Release|Any CPU.ActiveCfg = Release|Any CPU
		{EF2B4B91-739E-4937-9D62-8152C3218D60}.Release|Any CPU.Build.0 = Release|Any CPU
		{EF2B4B91-739E-4937-9D62-8152C3218D60}.Release|x64.ActiveCfg = Release|Any CPU
		{EF2B4B91-739E-4937-9D62-8152C3218D60}.Release|x64.Build.0 = Release|Any CPU
		{EF2B4B91-739E-4937-9D62-8152C3218D60}.Release|x86.ActiveCfg = Release|Any CPU
		{EF2B4B91-739E-4937-9D62-8152C3218D60}.Release|x86.Build.0 = Release|Any CPU
		{822365A7-1AFF-4C15-B80A-78D52D5A6C58}.Debug|Any CPU.ActiveCfg = Debug|Any CPU
		{822365A7-1AFF-4C15-B80A-78D52D5A6C58}.Debug|Any CPU.Build.0 = Debug|Any CPU
		{822365A7-1AFF-4C15-B80A-78D52D5A6C58}.Debug|x64.ActiveCfg = Debug|Any CPU
		{822365A7-1AFF-4C15-B80A-78D52D5A6C58}.Debug|x64.Build.0 = Debug|Any CPU
		{822365A7-1AFF-4C15-B80A-78D52D5A6C58}.Debug|x86.ActiveCfg = Debug|Any CPU
		{822365A7-1AFF-4C15-B80A-78D52D5A6C58}.Debug|x86.Build.0 = Debug|Any CPU
		{822365A7-1AFF-4C15-B80A-78D52D5A6C58}.Release|Any CPU.ActiveCfg = Release|Any CPU
		{822365A7-1AFF-4C15-B80A-78D52D5A6C58}.Release|Any CPU.Build.0 = Release|Any CPU
		{822365A7-1AFF-4C15-B80A-78D52D5A6C58}.Release|x64.ActiveCfg = Release|Any CPU
		{822365A7-1AFF-4C15-B80A-78D52D5A6C58}.Release|x64.Build.0 = Release|Any CPU
		{822365A7-1AFF-4C15-B80A-78D52D5A6C58}.Release|x86.ActiveCfg = Release|Any CPU
		{822365A7-1AFF-4C15-B80A-78D52D5A6C58}.Release|x86.Build.0 = Release|Any CPU
		{C66B6239-4CB1-4CCC-8CE5-4E7A0DDD95CA}.Debug|Any CPU.ActiveCfg = Debug|Any CPU
		{C66B6239-4CB1-4CCC-8CE5-4E7A0DDD95CA}.Debug|Any CPU.Build.0 = Debug|Any CPU
		{C66B6239-4CB1-4CCC-8CE5-4E7A0DDD95CA}.Debug|x64.ActiveCfg = Debug|Any CPU
		{C66B6239-4CB1-4CCC-8CE5-4E7A0DDD95CA}.Debug|x64.Build.0 = Debug|Any CPU
		{C66B6239-4CB1-4CCC-8CE5-4E7A0DDD95CA}.Debug|x86.ActiveCfg = Debug|Any CPU
		{C66B6239-4CB1-4CCC-8CE5-4E7A0DDD95CA}.Debug|x86.Build.0 = Debug|Any CPU
		{C66B6239-4CB1-4CCC-8CE5-4E7A0DDD95CA}.Release|Any CPU.ActiveCfg = Release|Any CPU
		{C66B6239-4CB1-4CCC-8CE5-4E7A0DDD95CA}.Release|Any CPU.Build.0 = Release|Any CPU
		{C66B6239-4CB1-4CCC-8CE5-4E7A0DDD95CA}.Release|x64.ActiveCfg = Release|Any CPU
		{C66B6239-4CB1-4CCC-8CE5-4E7A0DDD95CA}.Release|x64.Build.0 = Release|Any CPU
		{C66B6239-4CB1-4CCC-8CE5-4E7A0DDD95CA}.Release|x86.ActiveCfg = Release|Any CPU
		{C66B6239-4CB1-4CCC-8CE5-4E7A0DDD95CA}.Release|x86.Build.0 = Release|Any CPU
		{972CE571-FB3E-4F31-971D-EE3A4959C827}.Debug|Any CPU.ActiveCfg = Debug|Any CPU
		{972CE571-FB3E-4F31-971D-EE3A4959C827}.Debug|Any CPU.Build.0 = Debug|Any CPU
		{972CE571-FB3E-4F31-971D-EE3A4959C827}.Debug|x64.ActiveCfg = Debug|Any CPU
		{972CE571-FB3E-4F31-971D-EE3A4959C827}.Debug|x64.Build.0 = Debug|Any CPU
		{972CE571-FB3E-4F31-971D-EE3A4959C827}.Debug|x86.ActiveCfg = Debug|Any CPU
		{972CE571-FB3E-4F31-971D-EE3A4959C827}.Debug|x86.Build.0 = Debug|Any CPU
		{972CE571-FB3E-4F31-971D-EE3A4959C827}.Release|Any CPU.ActiveCfg = Release|Any CPU
		{972CE571-FB3E-4F31-971D-EE3A4959C827}.Release|Any CPU.Build.0 = Release|Any CPU
		{972CE571-FB3E-4F31-971D-EE3A4959C827}.Release|x64.ActiveCfg = Release|Any CPU
		{972CE571-FB3E-4F31-971D-EE3A4959C827}.Release|x64.Build.0 = Release|Any CPU
		{972CE571-FB3E-4F31-971D-EE3A4959C827}.Release|x86.ActiveCfg = Release|Any CPU
		{972CE571-FB3E-4F31-971D-EE3A4959C827}.Release|x86.Build.0 = Release|Any CPU
		{F29DD2F2-3FB6-4D22-8437-51B7B447362E}.Debug|Any CPU.ActiveCfg = Debug|Any CPU
		{F29DD2F2-3FB6-4D22-8437-51B7B447362E}.Debug|Any CPU.Build.0 = Debug|Any CPU
		{F29DD2F2-3FB6-4D22-8437-51B7B447362E}.Debug|x64.ActiveCfg = Debug|Any CPU
		{F29DD2F2-3FB6-4D22-8437-51B7B447362E}.Debug|x64.Build.0 = Debug|Any CPU
		{F29DD2F2-3FB6-4D22-8437-51B7B447362E}.Debug|x86.ActiveCfg = Debug|Any CPU
		{F29DD2F2-3FB6-4D22-8437-51B7B447362E}.Debug|x86.Build.0 = Debug|Any CPU
		{F29DD2F2-3FB6-4D22-8437-51B7B447362E}.Release|Any CPU.ActiveCfg = Release|Any CPU
		{F29DD2F2-3FB6-4D22-8437-51B7B447362E}.Release|Any CPU.Build.0 = Release|Any CPU
		{F29DD2F2-3FB6-4D22-8437-51B7B447362E}.Release|x64.ActiveCfg = Release|Any CPU
		{F29DD2F2-3FB6-4D22-8437-51B7B447362E}.Release|x64.Build.0 = Release|Any CPU
		{F29DD2F2-3FB6-4D22-8437-51B7B447362E}.Release|x86.ActiveCfg = Release|Any CPU
		{F29DD2F2-3FB6-4D22-8437-51B7B447362E}.Release|x86.Build.0 = Release|Any CPU
	EndGlobalSection
EndGlobal
